
Microsoft Visual Studio Solution File, Format Version 12.00
# Visual Studio Version 17
VisualStudioVersion = 17.11.35208.52
MinimumVisualStudioVersion = 10.0.40219.1
Project("{9A19103F-16F7-4668-BE54-9A1E7A4F7556}") = "DevFreela.API", "DevFreela.API\DevFreela.API.csproj", "{C5E7E8F0-C4AC-4C1F-8705-D03C12783259}"
EndProject
Project("{9A19103F-16F7-4668-BE54-9A1E7A4F7556}") = "DevFreela.Core", "DevFreela.Core\DevFreela.Core.csproj", "{DBCE6BD7-AC5F-4989-B88D-5DC711D51748}"
EndProject
Project("{9A19103F-16F7-4668-BE54-9A1E7A4F7556}") = "DevFreela.Application", "DevFreela.Application\DevFreela.Application.csproj", "{7CF755BD-DC00-4420-86D6-0F5AFCDF9555}"
EndProject
Project("{9A19103F-16F7-4668-BE54-9A1E7A4F7556}") = "DevFreela.Infrastructure", "DevFreela.Infrastructure\DevFreela.Infrastructure.csproj", "{401E015B-3BAC-4A86-8496-40B7F6B3F59F}"
EndProject
Project("{FAE04EC0-301F-11D3-BF4B-00C04F79EFBC}") = "DevFreela.UnitTests", "DevFreela.UnitTests\DevFreela.UnitTests.csproj", "{38A3D24B-AA55-4C02-BFDB-C2C0B10E1827}"
EndProject
Global
	GlobalSection(SolutionConfigurationPlatforms) = preSolution
		Debug|Any CPU = Debug|Any CPU
		Release|Any CPU = Release|Any CPU
	EndGlobalSection
	GlobalSection(ProjectConfigurationPlatforms) = postSolution
		{C5E7E8F0-C4AC-4C1F-8705-D03C12783259}.Debug|Any CPU.ActiveCfg = Debug|Any CPU
		{C5E7E8F0-C4AC-4C1F-8705-D03C12783259}.Debug|Any CPU.Build.0 = Debug|Any CPU
		{C5E7E8F0-C4AC-4C1F-8705-D03C12783259}.Release|Any CPU.ActiveCfg = Release|Any CPU
		{C5E7E8F0-C4AC-4C1F-8705-D03C12783259}.Release|Any CPU.Build.0 = Release|Any CPU
		{DBCE6BD7-AC5F-4989-B88D-5DC711D51748}.Debug|Any CPU.ActiveCfg = Debug|Any CPU
		{DBCE6BD7-AC5F-4989-B88D-5DC711D51748}.Debug|Any CPU.Build.0 = Debug|Any CPU
		{DBCE6BD7-AC5F-4989-B88D-5DC711D51748}.Release|Any CPU.ActiveCfg = Release|Any CPU
		{DBCE6BD7-AC5F-4989-B88D-5DC711D51748}.Release|Any CPU.Build.0 = Release|Any CPU
		{7CF755BD-DC00-4420-86D6-0F5AFCDF9555}.Debug|Any CPU.ActiveCfg = Debug|Any CPU
		{7CF755BD-DC00-4420-86D6-0F5AFCDF9555}.Debug|Any CPU.Build.0 = Debug|Any CPU
		{7CF755BD-DC00-4420-86D6-0F5AFCDF9555}.Release|Any CPU.ActiveCfg = Release|Any CPU
		{7CF755BD-DC00-4420-86D6-0F5AFCDF9555}.Release|Any CPU.Build.0 = Release|Any CPU
		{401E015B-3BAC-4A86-8496-40B7F6B3F59F}.Debug|Any CPU.ActiveCfg = Debug|Any CPU
		{401E015B-3BAC-4A86-8496-40B7F6B3F59F}.Debug|Any CPU.Build.0 = Debug|Any CPU
		{401E015B-3BAC-4A86-8496-40B7F6B3F59F}.Release|Any CPU.ActiveCfg = Release|Any CPU
		{401E015B-3BAC-4A86-8496-40B7F6B3F59F}.Release|Any CPU.Build.0 = Release|Any CPU
		{38A3D24B-AA55-4C02-BFDB-C2C0B10E1827}.Debug|Any CPU.ActiveCfg = Debug|Any CPU
		{38A3D24B-AA55-4C02-BFDB-C2C0B10E1827}.Debug|Any CPU.Build.0 = Debug|Any CPU
		{38A3D24B-AA55-4C02-BFDB-C2C0B10E1827}.Release|Any CPU.ActiveCfg = Release|Any CPU
		{38A3D24B-AA55-4C02-BFDB-C2C0B10E1827}.Release|Any CPU.Build.0 = Release|Any CPU
	EndGlobalSection
	GlobalSection(SolutionProperties) = preSolution
		HideSolutionNode = FALSE
	EndGlobalSection
	GlobalSection(ExtensibilityGlobals) = postSolution
		SolutionGuid = {257F2E50-73F3-4ECE-9FF9-AB0ADEDDEE32}
	EndGlobalSection
EndGlobal
